{
  "name": "zip-viewer",
  "lockfileVersion": 3,
  "requires": true,
  "packages": {
    "": {
      "dependencies": {
        "@tauri-apps/api": "^1.5.6"
      }
    },
    "node_modules/@tauri-apps/api": {
      "version": "1.5.6",
      "resolved": "https://registry.npmjs.org/@tauri-apps/api/-/api-1.5.6.tgz",
      "integrity": "sha512-LH5ToovAHnDVe5Qa9f/+jW28I6DeMhos8bNDtBOmmnaDpPmJmYLyHdeDblAWWWYc7KKRDg9/66vMuKyq0WIeFA==",
      "license": "Apache-2.0 OR MIT",
      "engines": {
        "node": ">= 14.6.0",
        "npm": ">= 6.6.0",
        "yarn": ">= 1.19.1"
      },
      "funding": {
        "type": "opencollective",
        "url": "https://opencollective.com/tauri"
      }
    }
  }
}
